{
  "version": 4,
  "terraform_version": "1.5.7",
  "serial": 15,
  "lineage": "63e38ee5-1571-4fe6-a004-69d343a2deb4",
  "outputs": {
    "authorization_endpoint": {
      "value": "https://jenkins-auth-62745.auth.us-east-1.amazoncognito.com/oauth2/authorize",
      "type": "string"
    },
    "client_id": {
      "value": "6qlbgsd3v31g1og63adar48gaf",
      "type": "string"
    },
    "client_secret": {
      "value": "1okdml1l800j59pkqm3kn3vunbhoa913o992sfgemq6o9142a55l",
      "type": "string",
      "sensitive": true
    },
    "cognito_domain": {
      "value": "jenkins-auth-62745",
      "type": "string"
    },
    "cognito_domain_cloudfront": {
      "value": "d3oia8etllorh5.cloudfront.net",
      "type": "string"
    },
    "cognito_domain_full": {
      "value": "jenkins-auth-62745.auth.us-east-1.amazoncognito.com",
      "type": "string"
    },
    "jenkins_env_vars": {
      "value": {
        "AWS_REGION": "us-east-1",
        "COGNITO_CLIENT_ID": "6qlbgsd3v31g1og63adar48gaf",
        "COGNITO_CLIENT_SECRET": "1okdml1l800j59pkqm3kn3vunbhoa913o992sfgemq6o9142a55l",
        "COGNITO_DOMAIN": "jenkins-auth-62745.auth.us-east-1.amazoncognito.com",
        "COGNITO_USER_POOL_ID": "us-east-1_mHHkRBGwp"
      },
      "type": [
        "object",
        {
          "AWS_REGION": "string",
          "COGNITO_CLIENT_ID": "string",
          "COGNITO_CLIENT_SECRET": "string",
          "COGNITO_DOMAIN": "string",
          "COGNITO_USER_POOL_ID": "string"
        }
      ],
      "sensitive": true
    },
    "token_endpoint": {
      "value": "https://jenkins-auth-62745.auth.us-east-1.amazoncognito.com/oauth2/token",
      "type": "string"
    },
    "user_pool_arn": {
      "value": "arn:aws:cognito-idp:us-east-1:541770108352:userpool/us-east-1_mHHkRBGwp",
      "type": "string"
    },
    "user_pool_endpoint": {
      "value": "cognito-idp.us-east-1.amazonaws.com/us-east-1_mHHkRBGwp",
      "type": "string"
    },
    "user_pool_id": {
      "value": "us-east-1_mHHkRBGwp",
      "type": "string"
    },
    "userinfo_endpoint": {
      "value": "https://jenkins-auth-62745.auth.us-east-1.amazoncognito.com/oauth2/userInfo",
      "type": "string"
    },
    "web_client_id": {
      "value": "8suo93gn4lp3vm0dhv3prjtdn",
      "type": "string"
    }
  },
  "resources": [
    {
      "mode": "managed",
      "type": "aws_cognito_user",
      "name": "admin_user",
      "provider": "provider[\"registry.terraform.io/hashicorp/aws\"]",
      "instances": [
        {
          "index_key": 0,
          "schema_version": 0,
          "attributes": {
            "attributes": {
              "email": "admin@example.com",
              "email_verified": "true",
              "name": "Jenkins Administrator",
              "sub": "5428e4c8-a0a1-705f-c81b-ec3657d891e9"
            },
            "client_metadata": null,
            "creation_date": "2025-10-02T17:54:19Z",
            "desired_delivery_mediums": null,
            "enabled": true,
            "force_alias_creation": null,
            "id": "us-east-1_mHHkRBGwp/admin",
            "last_modified_date": "2025-10-02T17:54:19Z",
            "message_action": "SUPPRESS",
            "mfa_setting_list": [],
            "password": null,
            "preferred_mfa_setting": "",
            "status": "FORCE_CHANGE_PASSWORD",
            "sub": "5428e4c8-a0a1-705f-c81b-ec3657d891e9",
            "temporary_password": "TempPass123!",
            "user_pool_id": "us-east-1_mHHkRBGwp",
            "username": "admin",
            "validation_data": null
          },
          "sensitive_attributes": [
            [
              {
                "type": "get_attr",
                "value": "temporary_password"
              }
            ]
          ],
          "private": "bnVsbA==",
          "dependencies": [
            "aws_cognito_user_pool.jenkins_users"
          ]
        }
      ]
    },
    {
      "mode": "managed",
      "type": "aws_cognito_user_pool",
      "name": "jenkins_users",
      "provider": "provider[\"registry.terraform.io/hashicorp/aws\"]",
      "instances": [
        {
          "schema_version": 0,
          "attributes": {
            "account_recovery_setting": [
              {
                "recovery_mechanism": [
                  {
                    "name": "verified_email",
                    "priority": 1
                  }
                ]
              }
            ],
            "admin_create_user_config": [
              {
                "allow_admin_create_user_only": false,
                "invite_message_template": [
                  {
                    "email_message": "Your username is {username} and temporary password is {####}. Please log in and change your password.",
                    "email_subject": "Your temporary password for Jenkins",
                    "sms_message": "Your username is {username} and temporary password is {####}."
                  }
                ]
              }
            ],
            "alias_attributes": [
              "email"
            ],
            "arn": "arn:aws:cognito-idp:us-east-1:541770108352:userpool/us-east-1_mHHkRBGwp",
            "auto_verified_attributes": [
              "email"
            ],
            "creation_date": "2025-10-02T17:54:17Z",
            "custom_domain": "",
            "deletion_protection": "INACTIVE",
            "device_configuration": [],
            "domain": "jenkins-auth-62745",
            "email_configuration": [
              {
                "configuration_set": "",
                "email_sending_account": "COGNITO_DEFAULT",
                "from_email_address": "",
                "reply_to_email_address": "",
                "source_arn": ""
              }
            ],
            "email_mfa_configuration": [],
            "email_verification_message": "",
            "email_verification_subject": "",
            "endpoint": "cognito-idp.us-east-1.amazonaws.com/us-east-1_mHHkRBGwp",
            "estimated_number_of_users": 2,
            "id": "us-east-1_mHHkRBGwp",
            "lambda_config": [],
            "last_modified_date": "2025-10-02T17:54:17Z",
            "mfa_configuration": "OFF",
            "name": "jenkins-users",
            "password_policy": [
              {
                "minimum_length": 8,
                "password_history_size": 0,
                "require_lowercase": true,
                "require_numbers": true,
                "require_symbols": true,
                "require_uppercase": true,
                "temporary_password_validity_days": 7
              }
            ],
            "schema": [
              {
                "attribute_data_type": "String",
                "developer_only_attribute": false,
                "mutable": true,
                "name": "email",
                "number_attribute_constraints": [],
                "required": true,
                "string_attribute_constraints": [
                  {
                    "max_length": "256",
                    "min_length": "1"
                  }
                ]
              },
              {
                "attribute_data_type": "String",
                "developer_only_attribute": false,
                "mutable": true,
                "name": "name",
                "number_attribute_constraints": [],
                "required": true,
                "string_attribute_constraints": [
                  {
                    "max_length": "256",
                    "min_length": "1"
                  }
                ]
              }
            ],
            "sign_in_policy": [
              {
                "allowed_first_auth_factors": [
                  "PASSWORD"
                ]
              }
            ],
            "sms_authentication_message": "",
            "sms_configuration": [],
            "sms_verification_message": "",
            "software_token_mfa_configuration": [],
            "tags": {
              "Environment": "development",
              "ManagedBy": "terraform",
              "Project": "jenkins-auth"
            },
            "tags_all": {
              "Environment": "development",
              "ManagedBy": "terraform",
              "Project": "jenkins-auth"
            },
            "user_attribute_update_settings": [],
            "user_pool_add_ons": [],
            "user_pool_tier": "ESSENTIALS",
            "username_attributes": [],
            "username_configuration": [
              {
                "case_sensitive": false
              }
            ],
            "verification_message_template": [
              {
                "default_email_option": "CONFIRM_WITH_CODE",
                "email_message": "",
                "email_message_by_link": "",
                "email_subject": "",
                "email_subject_by_link": "",
                "sms_message": ""
              }
            ],
            "web_authn_configuration": []
          },
          "sensitive_attributes": [],
          "private": "bnVsbA=="
        }
      ]
    },
    {
      "mode": "managed",
      "type": "aws_cognito_user_pool_client",
      "name": "jenkins_client",
      "provider": "provider[\"registry.terraform.io/hashicorp/aws\"]",
      "instances": [
        {
          "schema_version": 0,
          "attributes": {
            "access_token_validity": 60,
            "allowed_oauth_flows": [
              "code"
            ],
            "allowed_oauth_flows_user_pool_client": true,
            "allowed_oauth_scopes": [
              "email",
              "openid",
              "profile"
            ],
            "analytics_configuration": [],
            "auth_session_validity": 3,
            "callback_urls": [
              "http://localhost:3000/",
              "http://localhost:3000/index.html"
            ],
            "client_secret": "1okdml1l800j59pkqm3kn3vunbhoa913o992sfgemq6o9142a55l",
            "default_redirect_uri": "",
            "enable_propagate_additional_user_context_data": false,
            "enable_token_revocation": true,
            "explicit_auth_flows": [
              "ALLOW_REFRESH_TOKEN_AUTH",
              "ALLOW_USER_PASSWORD_AUTH"
            ],
            "generate_secret": true,
            "id": "6qlbgsd3v31g1og63adar48gaf",
            "id_token_validity": 60,
            "logout_urls": [
              "http://localhost",
              "http://localhost:8080"
            ],
            "name": "jenkins-client",
            "prevent_user_existence_errors": "ENABLED",
            "read_attributes": [],
            "refresh_token_rotation": [],
            "refresh_token_validity": 30,
            "supported_identity_providers": [
              "COGNITO"
            ],
            "token_validity_units": [
              {
                "access_token": "minutes",
                "id_token": "minutes",
                "refresh_token": "days"
              }
            ],
            "user_pool_id": "us-east-1_mHHkRBGwp",
            "write_attributes": []
          },
          "sensitive_attributes": [],
          "dependencies": [
            "aws_cognito_user_pool.jenkins_users"
          ]
        }
      ]
    },
    {
      "mode": "managed",
      "type": "aws_cognito_user_pool_client",
      "name": "web_client",
      "provider": "provider[\"registry.terraform.io/hashicorp/aws\"]",
      "instances": [
        {
          "schema_version": 0,
          "attributes": {
            "access_token_validity": 60,
            "allowed_oauth_flows": [
              "code"
            ],
            "allowed_oauth_flows_user_pool_client": true,
            "allowed_oauth_scopes": [
              "email",
              "openid",
              "profile"
            ],
            "analytics_configuration": [],
            "auth_session_validity": 3,
            "callback_urls": [
              "http://localhost/",
              "http://localhost/index.html"
            ],
            "client_secret": "",
            "default_redirect_uri": "",
            "enable_propagate_additional_user_context_data": false,
            "enable_token_revocation": true,
            "explicit_auth_flows": [
              "ALLOW_REFRESH_TOKEN_AUTH",
              "ALLOW_USER_PASSWORD_AUTH"
            ],
            "generate_secret": false,
            "id": "8suo93gn4lp3vm0dhv3prjtdn",
            "id_token_validity": 60,
            "logout_urls": [
              "http://localhost/",
              "http://localhost/index.html"
            ],
            "name": "web-client",
            "prevent_user_existence_errors": "ENABLED",
            "read_attributes": [],
            "refresh_token_rotation": [],
            "refresh_token_validity": 30,
            "supported_identity_providers": [
              "COGNITO"
            ],
            "token_validity_units": [
              {
                "access_token": "minutes",
                "id_token": "minutes",
                "refresh_token": "days"
              }
            ],
            "user_pool_id": "us-east-1_mHHkRBGwp",
            "write_attributes": []
          },
          "sensitive_attributes": [],
          "dependencies": [
            "aws_cognito_user_pool.jenkins_users"
          ]
        }
      ]
    },
    {
      "mode": "managed",
      "type": "aws_cognito_user_pool_domain",
      "name": "jenkins_domain",
      "provider": "provider[\"registry.terraform.io/hashicorp/aws\"]",
      "instances": [
        {
          "schema_version": 0,
          "attributes": {
            "aws_account_id": "541770108352",
            "certificate_arn": "",
            "cloudfront_distribution": "d3oia8etllorh5.cloudfront.net",
            "cloudfront_distribution_arn": "d3oia8etllorh5.cloudfront.net",
            "cloudfront_distribution_zone_id": "Z2FDTNDATAQYW2",
            "domain": "jenkins-auth-62745",
            "id": "jenkins-auth-62745",
            "managed_login_version": 1,
            "s3_bucket": "aws-cognito-prod-iad-assets",
            "user_pool_id": "us-east-1_mHHkRBGwp",
            "version": "20251002175625"
          },
          "sensitive_attributes": [],
          "private": "bnVsbA==",
          "dependencies": [
            "aws_cognito_user_pool.jenkins_users",
            "random_integer.domain_suffix"
          ]
        }
      ]
    },
    {
      "mode": "managed",
      "type": "random_integer",
      "name": "domain_suffix",
      "provider": "provider[\"registry.terraform.io/hashicorp/random\"]",
      "instances": [
        {
          "schema_version": 0,
          "attributes": {
            "id": "62745",
            "keepers": null,
            "max": 99999,
            "min": 10000,
            "result": 62745,
            "seed": null
          },
          "sensitive_attributes": []
        }
      ]
    }
  ],
  "check_results": null
}
